
Microsoft Visual Studio Solution File, Format Version 12.00
# Visual Studio Version 16
VisualStudioVersion = 16.0.31205.134
MinimumVisualStudioVersion = 10.0.40219.1
Project("{FAE04EC0-301F-11D3-BF4B-00C04F79EFBC}") = "TodoApi", "TodoApi\TodoApi.csproj", "{9D3FB7BC-6D98-4341-9706-211F92ED2DDE}"
EndProject
Global
	GlobalSection(SolutionConfigurationPlatforms) = preSolution
		Debug|Any CPU = Debug|Any CPU
		Release|Any CPU = Release|Any CPU
	EndGlobalSection
	GlobalSection(ProjectConfigurationPlatforms) = postSolution
		{9D3FB7BC-6D98-4341-9706-211F92ED2DDE}.Debug|Any CPU.ActiveCfg = Debug|Any CPU
		{9D3FB7BC-6D98-4341-9706-211F92ED2DDE}.Debug|Any CPU.Build.0 = Debug|Any CPU
		{9D3FB7BC-6D98-4341-9706-211F92ED2DDE}.Release|Any CPU.ActiveCfg = Release|Any CPU
		{9D3FB7BC-6D98-4341-9706-211F92ED2DDE}.Release|Any CPU.Build.0 = Release|Any CPU
	EndGlobalSection
	GlobalSection(SolutionProperties) = preSolution
		HideSolutionNode = FALSE
	EndGlobalSection
	GlobalSection(ExtensibilityGlobals) = postSolution
		SolutionGuid = {D6E791EA-9660-4CB0-B9D3-34C30BC48779}
	EndGlobalSection
EndGlobal
